// !$*UTF8*$!
{
	archiveVersion = 1;
	classes = {
	};
	objectVersion = 46;
	objects = {

/* Begin PBXBuildFile section */
		1E1521291A48614900CFA094 /* style.css in Resources */ = {isa = PBXBuildFile; fileRef = 1E15211E1A48614900CFA094 /* style.css */; };
		1E15212A1A48614900CFA094 /* GeneratePreviewForURL.m in Sources */ = {isa = PBXBuildFile; fileRef = 1E1521201A48614900CFA094 /* GeneratePreviewForURL.m */; };
		1E15212B1A48614900CFA094 /* GenerateThumbnailForURL.m in Sources */ = {isa = PBXBuildFile; fileRef = 1E1521211A48614900CFA094 /* GenerateThumbnailForURL.m */; };
		1E15212C1A48614900CFA094 /* main.m in Sources */ = {isa = PBXBuildFile; fileRef = 1E1521221A48614900CFA094 /* main.m */; };
		1E15212F1A48614900CFA094 /* Prefix.pch in Headers */ = {isa = PBXBuildFile; fileRef = 1E1521251A48614900CFA094 /* Prefix.pch */; };
		1E1521301A48614900CFA094 /* Tools.h in Headers */ = {isa = PBXBuildFile; fileRef = 1E1521261A48614900CFA094 /* Tools.h */; };
		1E1521311A48614900CFA094 /* Tools.m in Sources */ = {isa = PBXBuildFile; fileRef = 1E1521271A48614900CFA094 /* Tools.m */; };
		1E5AE87718BC9957004FB76C /* QuickLook.framework in Frameworks */ = {isa = PBXBuildFile; fileRef = 1E5AE87618BC9957004FB76C /* QuickLook.framework */; };
		1E5AE87918BC9957004FB76C /* ApplicationServices.framework in Frameworks */ = {isa = PBXBuildFile; fileRef = 1E5AE87818BC9957004FB76C /* ApplicationServices.framework */; };
		1E5AE87B18BC9957004FB76C /* CoreServices.framework in Frameworks */ = {isa = PBXBuildFile; fileRef = 1E5AE87A18BC9957004FB76C /* CoreServices.framework */; };
		1EA901321A49A45C00E549E3 /* libz.dylib in Frameworks */ = {isa = PBXBuildFile; fileRef = 1EA901311A49A45C00E549E3 /* libz.dylib */; };
		1EA901341A49A46500E549E3 /* libbz2.dylib in Frameworks */ = {isa = PBXBuildFile; fileRef = 1EA901331A49A46500E549E3 /* libbz2.dylib */; };
		1EA901361A49A46E00E549E3 /* liblzma.dylib in Frameworks */ = {isa = PBXBuildFile; fileRef = 1EA901351A49A46E00E549E3 /* liblzma.dylib */; };
		1EA901371A49A47800E549E3 /* libiconv.dylib in Frameworks */ = {isa = PBXBuildFile; fileRef = 1E15214A1A486DDF00CFA094 /* libiconv.dylib */; };
		1EA9131A1A49BAB900E549E3 /* libavcodec.a in Frameworks */ = {isa = PBXBuildFile; fileRef = 1EA913151A49BAB900E549E3 /* libavcodec.a */; };
		1EA9131B1A49BAB900E549E3 /* libavformat.a in Frameworks */ = {isa = PBXBuildFile; fileRef = 1EA913161A49BAB900E549E3 /* libavformat.a */; };
		1EA9131C1A49BAB900E549E3 /* libavutil.a in Frameworks */ = {isa = PBXBuildFile; fileRef = 1EA913171A49BAB900E549E3 /* libavutil.a */; };
		1EA9131D1A49BAB900E549E3 /* libswresample.a in Frameworks */ = {isa = PBXBuildFile; fileRef = 1EA913181A49BAB900E549E3 /* libswresample.a */; };
		1EA9131E1A49BAB900E549E3 /* libswscale.a in Frameworks */ = {isa = PBXBuildFile; fileRef = 1EA913191A49BAB900E549E3 /* libswscale.a */; };
		1EA913201A49BAE200E549E3 /* CoreVideo.framework in Frameworks */ = {isa = PBXBuildFile; fileRef = 1EA9131F1A49BAE200E549E3 /* CoreVideo.framework */; };
		1ECBF5311A4ABC6500CBEF22 /* NYXMovie.h in Headers */ = {isa = PBXBuildFile; fileRef = 1ECBF52F1A4ABC6500CBEF22 /* NYXMovie.h */; };
		1ECBF5321A4ABC6500CBEF22 /* NYXMovie.m in Sources */ = {isa = PBXBuildFile; fileRef = 1ECBF5301A4ABC6500CBEF22 /* NYXMovie.m */; };
		1ECBF54C1A4ACEFD00CBEF22 /* Info.plist in Resources */ = {isa = PBXBuildFile; fileRef = 1ECBF5481A4ACEFD00CBEF22 /* Info.plist */; };
		1ECBF54F1A4ACF5200CBEF22 /* GetMetadataForFile.m in Sources */ = {isa = PBXBuildFile; fileRef = 1ECBF54A1A4ACEFD00CBEF22 /* GetMetadataForFile.m */; };
		1ECBF5501A4ACF5200CBEF22 /* main.m in Sources */ = {isa = PBXBuildFile; fileRef = 1ECBF54B1A4ACEFD00CBEF22 /* main.m */; };
		1ECBF5511A4ACF5D00CBEF22 /* ApplicationServices.framework in Frameworks */ = {isa = PBXBuildFile; fileRef = 1E5AE87818BC9957004FB76C /* ApplicationServices.framework */; };
		1ECBF5521A4ACF5D00CBEF22 /* CoreServices.framework in Frameworks */ = {isa = PBXBuildFile; fileRef = 1E5AE87A18BC9957004FB76C /* CoreServices.framework */; };
		1ECBF5531A4ACF5D00CBEF22 /* CoreVideo.framework in Frameworks */ = {isa = PBXBuildFile; fileRef = 1EA9131F1A49BAE200E549E3 /* CoreVideo.framework */; };
		1ECBF5551A4ACF6600CBEF22 /* libavcodec.a in Frameworks */ = {isa = PBXBuildFile; fileRef = 1EA913151A49BAB900E549E3 /* libavcodec.a */; };
		1ECBF5561A4ACF6600CBEF22 /* libavformat.a in Frameworks */ = {isa = PBXBuildFile; fileRef = 1EA913161A49BAB900E549E3 /* libavformat.a */; };
		1ECBF5571A4ACF6600CBEF22 /* libavutil.a in Frameworks */ = {isa = PBXBuildFile; fileRef = 1EA913171A49BAB900E549E3 /* libavutil.a */; };
		1ECBF5581A4ACF6600CBEF22 /* libswresample.a in Frameworks */ = {isa = PBXBuildFile; fileRef = 1EA913181A49BAB900E549E3 /* libswresample.a */; };
		1ECBF5591A4ACF6600CBEF22 /* libswscale.a in Frameworks */ = {isa = PBXBuildFile; fileRef = 1EA913191A49BAB900E549E3 /* libswscale.a */; };
		1ECBF55A1A4ACF6600CBEF22 /* libiconv.dylib in Frameworks */ = {isa = PBXBuildFile; fileRef = 1E15214A1A486DDF00CFA094 /* libiconv.dylib */; };
		1ECBF55B1A4ACF6600CBEF22 /* liblzma.dylib in Frameworks */ = {isa = PBXBuildFile; fileRef = 1EA901351A49A46E00E549E3 /* liblzma.dylib */; };
		1ECBF55C1A4ACF6600CBEF22 /* libbz2.dylib in Frameworks */ = {isa = PBXBuildFile; fileRef = 1EA901331A49A46500E549E3 /* libbz2.dylib */; };
		1ECBF55D1A4ACF6600CBEF22 /* libz.dylib in Frameworks */ = {isa = PBXBuildFile; fileRef = 1EA901311A49A45C00E549E3 /* libz.dylib */; };
		1ECBF55E1A4AD04A00CBEF22 /* NYXMovie.m in Sources */ = {isa = PBXBuildFile; fileRef = 1ECBF5301A4ABC6500CBEF22 /* NYXMovie.m */; };
		1ECBF55F1A4AD04D00CBEF22 /* Tools.m in Sources */ = {isa = PBXBuildFile; fileRef = 1E1521271A48614900CFA094 /* Tools.m */; };
		43180E0F1E602E2B00CE2869 /* AudioToolbox.framework in Frameworks */ = {isa = PBXBuildFile; fileRef = 43180E0E1E602E2B00CE2869 /* AudioToolbox.framework */; };
		43180E101E602E3400CE2869 /* AudioToolbox.framework in Frameworks */ = {isa = PBXBuildFile; fileRef = 43180E0E1E602E2B00CE2869 /* AudioToolbox.framework */; };
		43180E121E602E9300CE2869 /* VideoToolbox.framework in Frameworks */ = {isa = PBXBuildFile; fileRef = 43180E111E602E9300CE2869 /* VideoToolbox.framework */; };
		43180E131E602E9900CE2869 /* VideoToolbox.framework in Frameworks */ = {isa = PBXBuildFile; fileRef = 43180E111E602E9300CE2869 /* VideoToolbox.framework */; };
		43180E151E602EAD00CE2869 /* CoreMedia.framework in Frameworks */ = {isa = PBXBuildFile; fileRef = 43180E141E602EAD00CE2869 /* CoreMedia.framework */; };
		43180E161E602EB500CE2869 /* CoreMedia.framework in Frameworks */ = {isa = PBXBuildFile; fileRef = 43180E141E602EAD00CE2869 /* CoreMedia.framework */; };
/* End PBXBuildFile section */

/* Begin PBXFileReference section */
		1E15211D1A48614900CFA094 /* Info.plist */ = {isa = PBXFileReference; fileEncoding = 4; lastKnownFileType = text.plist.xml; path = Info.plist; sourceTree = "<group>"; };
		1E15211E1A48614900CFA094 /* style.css */ = {isa = PBXFileReference; fileEncoding = 4; lastKnownFileType = text.css; path = style.css; sourceTree = "<group>"; };
		1E1521201A48614900CFA094 /* GeneratePreviewForURL.m */ = {isa = PBXFileReference; fileEncoding = 4; lastKnownFileType = sourcecode.c.objc; path = GeneratePreviewForURL.m; sourceTree = "<group>"; };
		1E1521211A48614900CFA094 /* GenerateThumbnailForURL.m */ = {isa = PBXFileReference; fileEncoding = 4; lastKnownFileType = sourcecode.c.objc; path = GenerateThumbnailForURL.m; sourceTree = "<group>"; };
		1E1521221A48614900CFA094 /* main.m */ = {isa = PBXFileReference; fileEncoding = 4; lastKnownFileType = sourcecode.c.objc; path = main.m; sourceTree = "<group>"; };
		1E1521251A48614900CFA094 /* Prefix.pch */ = {isa = PBXFileReference; fileEncoding = 4; lastKnownFileType = sourcecode.c.h; path = Prefix.pch; sourceTree = "<group>"; };
		1E1521261A48614900CFA094 /* Tools.h */ = {isa = PBXFileReference; fileEncoding = 4; lastKnownFileType = sourcecode.c.h; path = Tools.h; sourceTree = "<group>"; };
		1E1521271A48614900CFA094 /* Tools.m */ = {isa = PBXFileReference; fileEncoding = 4; lastKnownFileType = sourcecode.c.objc; path = Tools.m; sourceTree = "<group>"; };
		1E15214A1A486DDF00CFA094 /* libiconv.dylib */ = {isa = PBXFileReference; lastKnownFileType = "compiled.mach-o.dylib"; name = libiconv.dylib; path = usr/lib/libiconv.dylib; sourceTree = SDKROOT; };
		1E5AE87318BC9957004FB76C /* qlMoviePreview.qlgenerator */ = {isa = PBXFileReference; explicitFileType = wrapper.cfbundle; includeInIndex = 0; path = qlMoviePreview.qlgenerator; sourceTree = BUILT_PRODUCTS_DIR; };
		1E5AE87618BC9957004FB76C /* QuickLook.framework */ = {isa = PBXFileReference; lastKnownFileType = wrapper.framework; name = QuickLook.framework; path = System/Library/Frameworks/QuickLook.framework; sourceTree = SDKROOT; };
		1E5AE87818BC9957004FB76C /* ApplicationServices.framework */ = {isa = PBXFileReference; lastKnownFileType = wrapper.framework; name = ApplicationServices.framework; path = System/Library/Frameworks/ApplicationServices.framework; sourceTree = SDKROOT; };
		1E5AE87A18BC9957004FB76C /* CoreServices.framework */ = {isa = PBXFileReference; lastKnownFileType = wrapper.framework; name = CoreServices.framework; path = System/Library/Frameworks/CoreServices.framework; sourceTree = SDKROOT; };
		1EA901311A49A45C00E549E3 /* libz.dylib */ = {isa = PBXFileReference; lastKnownFileType = "compiled.mach-o.dylib"; name = libz.dylib; path = usr/lib/libz.dylib; sourceTree = SDKROOT; };
		1EA901331A49A46500E549E3 /* libbz2.dylib */ = {isa = PBXFileReference; lastKnownFileType = "compiled.mach-o.dylib"; name = libbz2.dylib; path = usr/lib/libbz2.dylib; sourceTree = SDKROOT; };
		1EA901351A49A46E00E549E3 /* liblzma.dylib */ = {isa = PBXFileReference; lastKnownFileType = "compiled.mach-o.dylib"; name = liblzma.dylib; path = usr/lib/liblzma.dylib; sourceTree = SDKROOT; };
		1EA913151A49BAB900E549E3 /* libavcodec.a */ = {isa = PBXFileReference; lastKnownFileType = archive.ar; name = libavcodec.a; path = deps/libavcodec.a; sourceTree = "<group>"; };
		1EA913161A49BAB900E549E3 /* libavformat.a */ = {isa = PBXFileReference; lastKnownFileType = archive.ar; name = libavformat.a; path = deps/libavformat.a; sourceTree = "<group>"; };
		1EA913171A49BAB900E549E3 /* libavutil.a */ = {isa = PBXFileReference; lastKnownFileType = archive.ar; name = libavutil.a; path = deps/libavutil.a; sourceTree = "<group>"; };
		1EA913181A49BAB900E549E3 /* libswresample.a */ = {isa = PBXFileReference; lastKnownFileType = archive.ar; name = libswresample.a; path = deps/libswresample.a; sourceTree = "<group>"; };
		1EA913191A49BAB900E549E3 /* libswscale.a */ = {isa = PBXFileReference; lastKnownFileType = archive.ar; name = libswscale.a; path = deps/libswscale.a; sourceTree = "<group>"; };
		1EA9131F1A49BAE200E549E3 /* CoreVideo.framework */ = {isa = PBXFileReference; lastKnownFileType = wrapper.framework; name = CoreVideo.framework; path = System/Library/Frameworks/CoreVideo.framework; sourceTree = SDKROOT; };
		1EA913211A49BAEF00E549E3 /* VideoDecodeAcceleration.framework */ = {isa = PBXFileReference; lastKnownFileType = wrapper.framework; name = VideoDecodeAcceleration.framework; path = System/Library/Frameworks/VideoDecodeAcceleration.framework; sourceTree = SDKROOT; };
		1ECBF52F1A4ABC6500CBEF22 /* NYXMovie.h */ = {isa = PBXFileReference; fileEncoding = 4; lastKnownFileType = sourcecode.c.h; path = NYXMovie.h; sourceTree = "<group>"; };
		1ECBF5301A4ABC6500CBEF22 /* NYXMovie.m */ = {isa = PBXFileReference; fileEncoding = 4; lastKnownFileType = sourcecode.c.objc; path = NYXMovie.m; sourceTree = "<group>"; };
		1ECBF5371A4ACEAA00CBEF22 /* mdMoviePreview.mdimporter */ = {isa = PBXFileReference; explicitFileType = "wrapper.spotlight-importer"; includeInIndex = 0; path = mdMoviePreview.mdimporter; sourceTree = BUILT_PRODUCTS_DIR; };
		1ECBF5481A4ACEFD00CBEF22 /* Info.plist */ = {isa = PBXFileReference; fileEncoding = 4; lastKnownFileType = text.plist.xml; path = Info.plist; sourceTree = "<group>"; };
		1ECBF54A1A4ACEFD00CBEF22 /* GetMetadataForFile.m */ = {isa = PBXFileReference; fileEncoding = 4; lastKnownFileType = sourcecode.c.objc; path = GetMetadataForFile.m; sourceTree = "<group>"; };
		1ECBF54B1A4ACEFD00CBEF22 /* main.m */ = {isa = PBXFileReference; fileEncoding = 4; lastKnownFileType = sourcecode.c.objc; path = main.m; sourceTree = "<group>"; };
		43180E0E1E602E2B00CE2869 /* AudioToolbox.framework */ = {isa = PBXFileReference; lastKnownFileType = wrapper.framework; name = AudioToolbox.framework; path = System/Library/Frameworks/AudioToolbox.framework; sourceTree = SDKROOT; };
		43180E111E602E9300CE2869 /* VideoToolbox.framework */ = {isa = PBXFileReference; lastKnownFileType = wrapper.framework; name = VideoToolbox.framework; path = System/Library/Frameworks/VideoToolbox.framework; sourceTree = SDKROOT; };
		43180E141E602EAD00CE2869 /* CoreMedia.framework */ = {isa = PBXFileReference; lastKnownFileType = wrapper.framework; name = CoreMedia.framework; path = System/Library/Frameworks/CoreMedia.framework; sourceTree = SDKROOT; };
/* End PBXFileReference section */

/* Begin PBXFrameworksBuildPhase section */
		1E5AE86E18BC9957004FB76C /* Frameworks */ = {
			isa = PBXFrameworksBuildPhase;
			buildActionMask = 2147483647;
			files = (
				43180E151E602EAD00CE2869 /* CoreMedia.framework in Frameworks */,
				43180E131E602E9900CE2869 /* VideoToolbox.framework in Frameworks */,
				43180E0F1E602E2B00CE2869 /* AudioToolbox.framework in Frameworks */,
				1E5AE87918BC9957004FB76C /* ApplicationServices.framework in Frameworks */,
				1E5AE87B18BC9957004FB76C /* CoreServices.framework in Frameworks */,
				1EA913201A49BAE200E549E3 /* CoreVideo.framework in Frameworks */,
				1E5AE87718BC9957004FB76C /* QuickLook.framework in Frameworks */,
				1EA9131A1A49BAB900E549E3 /* libavcodec.a in Frameworks */,
				1EA9131B1A49BAB900E549E3 /* libavformat.a in Frameworks */,
				1EA9131C1A49BAB900E549E3 /* libavutil.a in Frameworks */,
				1EA9131D1A49BAB900E549E3 /* libswresample.a in Frameworks */,
				1EA9131E1A49BAB900E549E3 /* libswscale.a in Frameworks */,
				1EA901371A49A47800E549E3 /* libiconv.dylib in Frameworks */,
				1EA901361A49A46E00E549E3 /* liblzma.dylib in Frameworks */,
				1EA901341A49A46500E549E3 /* libbz2.dylib in Frameworks */,
				1EA901321A49A45C00E549E3 /* libz.dylib in Frameworks */,
			);
			runOnlyForDeploymentPostprocessing = 0;
		};
		1ECBF5341A4ACEAA00CBEF22 /* Frameworks */ = {
			isa = PBXFrameworksBuildPhase;
			buildActionMask = 2147483647;
			files = (
				43180E161E602EB500CE2869 /* CoreMedia.framework in Frameworks */,
				43180E121E602E9300CE2869 /* VideoToolbox.framework in Frameworks */,
				43180E101E602E3400CE2869 /* AudioToolbox.framework in Frameworks */,
				1ECBF5511A4ACF5D00CBEF22 /* ApplicationServices.framework in Frameworks */,
				1ECBF5521A4ACF5D00CBEF22 /* CoreServices.framework in Frameworks */,
				1ECBF5531A4ACF5D00CBEF22 /* CoreVideo.framework in Frameworks */,
				1ECBF5551A4ACF6600CBEF22 /* libavcodec.a in Frameworks */,
				1ECBF5561A4ACF6600CBEF22 /* libavformat.a in Frameworks */,
				1ECBF5571A4ACF6600CBEF22 /* libavutil.a in Frameworks */,
				1ECBF5581A4ACF6600CBEF22 /* libswresample.a in Frameworks */,
				1ECBF5591A4ACF6600CBEF22 /* libswscale.a in Frameworks */,
				1ECBF55A1A4ACF6600CBEF22 /* libiconv.dylib in Frameworks */,
				1ECBF55B1A4ACF6600CBEF22 /* liblzma.dylib in Frameworks */,
				1ECBF55C1A4ACF6600CBEF22 /* libbz2.dylib in Frameworks */,
				1ECBF55D1A4ACF6600CBEF22 /* libz.dylib in Frameworks */,
			);
			runOnlyForDeploymentPostprocessing = 0;
		};
/* End PBXFrameworksBuildPhase section */

/* Begin PBXGroup section */
		1E15211B1A48614900CFA094 /* qlgenerator */ = {
			isa = PBXGroup;
			children = (
				1E15211C1A48614900CFA094 /* rsrc */,
				1E15211F1A48614900CFA094 /* src */,
			);
			path = qlgenerator;
			sourceTree = "<group>";
		};
		1E15211C1A48614900CFA094 /* rsrc */ = {
			isa = PBXGroup;
			children = (
				1E15211D1A48614900CFA094 /* Info.plist */,
				1E15211E1A48614900CFA094 /* style.css */,
			);
			path = rsrc;
			sourceTree = "<group>";
		};
		1E15211F1A48614900CFA094 /* src */ = {
			isa = PBXGroup;
			children = (
				1E1521201A48614900CFA094 /* GeneratePreviewForURL.m */,
				1E1521211A48614900CFA094 /* GenerateThumbnailForURL.m */,
				1ECBF52F1A4ABC6500CBEF22 /* NYXMovie.h */,
				1ECBF5301A4ABC6500CBEF22 /* NYXMovie.m */,
				1E1521261A48614900CFA094 /* Tools.h */,
				1E1521271A48614900CFA094 /* Tools.m */,
				1E1521221A48614900CFA094 /* main.m */,
				1E1521251A48614900CFA094 /* Prefix.pch */,
			);
			path = src;
			sourceTree = "<group>";
		};
		1E5AE86818BC9957004FB76C = {
			isa = PBXGroup;
			children = (
				1ECBF5461A4ACEFD00CBEF22 /* mdimporter */,
				1E15211B1A48614900CFA094 /* qlgenerator */,
				1E5AE87518BC9957004FB76C /* Frameworks */,
				1E5AE87418BC9957004FB76C /* Products */,
			);
			sourceTree = "<group>";
		};
		1E5AE87418BC9957004FB76C /* Products */ = {
			isa = PBXGroup;
			children = (
				1E5AE87318BC9957004FB76C /* qlMoviePreview.qlgenerator */,
				1ECBF5371A4ACEAA00CBEF22 /* mdMoviePreview.mdimporter */,
			);
			name = Products;
			sourceTree = "<group>";
		};
		1E5AE87518BC9957004FB76C /* Frameworks */ = {
			isa = PBXGroup;
			children = (
				43180E141E602EAD00CE2869 /* CoreMedia.framework */,
				43180E111E602E9300CE2869 /* VideoToolbox.framework */,
				43180E0E1E602E2B00CE2869 /* AudioToolbox.framework */,
				1E5AE87818BC9957004FB76C /* ApplicationServices.framework */,
				1E5AE87A18BC9957004FB76C /* CoreServices.framework */,
				1EA9131F1A49BAE200E549E3 /* CoreVideo.framework */,
				1E5AE87618BC9957004FB76C /* QuickLook.framework */,
				1EA913211A49BAEF00E549E3 /* VideoDecodeAcceleration.framework */,
				1EA913151A49BAB900E549E3 /* libavcodec.a */,
				1EA913161A49BAB900E549E3 /* libavformat.a */,
				1EA913171A49BAB900E549E3 /* libavutil.a */,
				1EA913181A49BAB900E549E3 /* libswresample.a */,
				1EA913191A49BAB900E549E3 /* libswscale.a */,
				1E15214A1A486DDF00CFA094 /* libiconv.dylib */,
				1EA901351A49A46E00E549E3 /* liblzma.dylib */,
				1EA901331A49A46500E549E3 /* libbz2.dylib */,
				1EA901311A49A45C00E549E3 /* libz.dylib */,
			);
			name = Frameworks;
			sourceTree = "<group>";
		};
		1ECBF5461A4ACEFD00CBEF22 /* mdimporter */ = {
			isa = PBXGroup;
			children = (
				1ECBF5471A4ACEFD00CBEF22 /* rsrc */,
				1ECBF5491A4ACEFD00CBEF22 /* src */,
			);
			path = mdimporter;
			sourceTree = "<group>";
		};
		1ECBF5471A4ACEFD00CBEF22 /* rsrc */ = {
			isa = PBXGroup;
			children = (
				1ECBF5481A4ACEFD00CBEF22 /* Info.plist */,
			);
			path = rsrc;
			sourceTree = "<group>";
		};
		1ECBF5491A4ACEFD00CBEF22 /* src */ = {
			isa = PBXGroup;
			children = (
				1ECBF54A1A4ACEFD00CBEF22 /* GetMetadataForFile.m */,
				1ECBF54B1A4ACEFD00CBEF22 /* main.m */,
			);
			path = src;
			sourceTree = "<group>";
		};
/* End PBXGroup section */

/* Begin PBXHeadersBuildPhase section */
		1E5AE86F18BC9957004FB76C /* Headers */ = {
			isa = PBXHeadersBuildPhase;
			buildActionMask = 2147483647;
			files = (
				1ECBF5311A4ABC6500CBEF22 /* NYXMovie.h in Headers */,
				1E15212F1A48614900CFA094 /* Prefix.pch in Headers */,
				1E1521301A48614900CFA094 /* Tools.h in Headers */,
			);
			runOnlyForDeploymentPostprocessing = 0;
		};
/* End PBXHeadersBuildPhase section */

/* Begin PBXNativeTarget section */
		1E5AE87218BC9957004FB76C /* qlMoviePreview */ = {
			isa = PBXNativeTarget;
			buildConfigurationList = 1E5AE88D18BC9957004FB76C /* Build configuration list for PBXNativeTarget "qlMoviePreview" */;
			buildPhases = (
				1E5AE86D18BC9957004FB76C /* Sources */,
				1E5AE86E18BC9957004FB76C /* Frameworks */,
				1E5AE86F18BC9957004FB76C /* Headers */,
				1E5AE87018BC9957004FB76C /* Resources */,
			);
			buildRules = (
			);
			dependencies = (
			);
			name = qlMoviePreview;
			productName = qlMoviePreview;
			productReference = 1E5AE87318BC9957004FB76C /* qlMoviePreview.qlgenerator */;
			productType = "com.apple.product-type.bundle";
		};
		1ECBF5361A4ACEAA00CBEF22 /* mdMoviePreview */ = {
			isa = PBXNativeTarget;
			buildConfigurationList = 1ECBF5451A4ACEAA00CBEF22 /* Build configuration list for PBXNativeTarget "mdMoviePreview" */;
			buildPhases = (
				1ECBF5331A4ACEAA00CBEF22 /* Sources */,
				1ECBF5341A4ACEAA00CBEF22 /* Frameworks */,
				1ECBF5351A4ACEAA00CBEF22 /* Resources */,
			);
			buildRules = (
			);
			dependencies = (
			);
			name = mdMoviePreview;
			productName = mdMoviePreview;
			productReference = 1ECBF5371A4ACEAA00CBEF22 /* mdMoviePreview.mdimporter */;
			productType = "com.apple.product-type.spotlight-importer";
		};
/* End PBXNativeTarget section */

/* Begin PBXProject section */
		1E5AE86918BC9957004FB76C /* Project object */ = {
			isa = PBXProject;
			attributes = {
				LastUpgradeCheck = 0500;
				ORGANIZATIONNAME = MacGeneration;
				TargetAttributes = {
					1ECBF5361A4ACEAA00CBEF22 = {
						CreatedOnToolsVersion = 6.1.1;
					};
				};
			};
			buildConfigurationList = 1E5AE86C18BC9957004FB76C /* Build configuration list for PBXProject "qlMoviePreview" */;
			compatibilityVersion = "Xcode 3.2";
			developmentRegion = English;
			hasScannedForEncodings = 0;
			knownRegions = (
				en,
			);
			mainGroup = 1E5AE86818BC9957004FB76C;
			productRefGroup = 1E5AE87418BC9957004FB76C /* Products */;
			projectDirPath = "";
			projectRoot = "";
			targets = (
				1E5AE87218BC9957004FB76C /* qlMoviePreview */,
				1ECBF5361A4ACEAA00CBEF22 /* mdMoviePreview */,
			);
		};
/* End PBXProject section */

/* Begin PBXResourcesBuildPhase section */
		1E5AE87018BC9957004FB76C /* Resources */ = {
			isa = PBXResourcesBuildPhase;
			buildActionMask = 2147483647;
			files = (
				1ECBF54C1A4ACEFD00CBEF22 /* Info.plist in Resources */,
				1E1521291A48614900CFA094 /* style.css in Resources */,
			);
			runOnlyForDeploymentPostprocessing = 0;
		};
		1ECBF5351A4ACEAA00CBEF22 /* Resources */ = {
			isa = PBXResourcesBuildPhase;
			buildActionMask = 2147483647;
			files = (
			);
			runOnlyForDeploymentPostprocessing = 0;
		};
/* End PBXResourcesBuildPhase section */

/* Begin PBXSourcesBuildPhase section */
		1E5AE86D18BC9957004FB76C /* Sources */ = {
			isa = PBXSourcesBuildPhase;
			buildActionMask = 2147483647;
			files = (
				1ECBF5321A4ABC6500CBEF22 /* NYXMovie.m in Sources */,
				1E15212A1A48614900CFA094 /* GeneratePreviewForURL.m in Sources */,
				1E1521311A48614900CFA094 /* Tools.m in Sources */,
				1E15212B1A48614900CFA094 /* GenerateThumbnailForURL.m in Sources */,
				1E15212C1A48614900CFA094 /* main.m in Sources */,
			);
			runOnlyForDeploymentPostprocessing = 0;
		};
		1ECBF5331A4ACEAA00CBEF22 /* Sources */ = {
			isa = PBXSourcesBuildPhase;
			buildActionMask = 2147483647;
			files = (
				1ECBF54F1A4ACF5200CBEF22 /* GetMetadataForFile.m in Sources */,
				1ECBF5501A4ACF5200CBEF22 /* main.m in Sources */,
				1ECBF55E1A4AD04A00CBEF22 /* NYXMovie.m in Sources */,
				1ECBF55F1A4AD04D00CBEF22 /* Tools.m in Sources */,
			);
			runOnlyForDeploymentPostprocessing = 0;
		};
/* End PBXSourcesBuildPhase section */

/* Begin XCBuildConfiguration section */
		1E5AE88B18BC9957004FB76C /* Debug */ = {
			isa = XCBuildConfiguration;
			buildSettings = {
				ALWAYS_SEARCH_USER_PATHS = NO;
				CLANG_ANALYZER_SECURITY_FLOATLOOPCOUNTER = YES;
				CLANG_ANALYZER_SECURITY_INSECUREAPI_RAND = YES;
				CLANG_ANALYZER_SECURITY_INSECUREAPI_STRCPY = YES;
				CLANG_CXX_LANGUAGE_STANDARD = "gnu++0x";
				CLANG_CXX_LIBRARY = "libc++";
				CLANG_ENABLE_OBJC_ARC = YES;
				CLANG_WARN_ASSIGN_ENUM = YES;
				CLANG_WARN_BOOL_CONVERSION = YES;
				CLANG_WARN_CONSTANT_CONVERSION = YES;
				CLANG_WARN_DEPRECATED_OBJC_IMPLEMENTATIONS = YES;
				CLANG_WARN_DIRECT_OBJC_ISA_USAGE = YES_ERROR;
				CLANG_WARN_EMPTY_BODY = YES;
				CLANG_WARN_ENUM_CONVERSION = YES;
				CLANG_WARN_IMPLICIT_SIGN_CONVERSION = YES;
				CLANG_WARN_INT_CONVERSION = YES;
				CLANG_WARN_OBJC_EXPLICIT_OWNERSHIP_TYPE = YES;
				CLANG_WARN_OBJC_IMPLICIT_ATOMIC_PROPERTIES = YES;
				CLANG_WARN_OBJC_IMPLICIT_RETAIN_SELF = YES;
				CLANG_WARN_OBJC_MISSING_PROPERTY_SYNTHESIS = YES;
				CLANG_WARN_OBJC_RECEIVER_WEAK = YES;
				CLANG_WARN_OBJC_REPEATED_USE_OF_WEAK = YES;
				CLANG_WARN_OBJC_ROOT_CLASS = YES_ERROR;
				CLANG_WARN_SUSPICIOUS_IMPLICIT_CONVERSION = YES;
				CLANG_WARN_UNREACHABLE_CODE = YES;
				CLANG_WARN__DUPLICATE_METHOD_MATCH = YES;
				COPY_PHASE_STRIP = NO;
				GCC_C_LANGUAGE_STANDARD = gnu99;
				GCC_DYNAMIC_NO_PIC = NO;
				GCC_ENABLE_OBJC_EXCEPTIONS = YES;
				GCC_OPTIMIZATION_LEVEL = 0;
				GCC_PREPROCESSOR_DEFINITIONS = (
					"DEBUG=1",
					"$(inherited)",
				);
				GCC_SYMBOLS_PRIVATE_EXTERN = NO;
				GCC_TREAT_IMPLICIT_FUNCTION_DECLARATIONS_AS_ERRORS = YES;
				GCC_TREAT_INCOMPATIBLE_POINTER_TYPE_WARNINGS_AS_ERRORS = YES;
				GCC_WARN_64_TO_32_BIT_CONVERSION = YES;
				GCC_WARN_ABOUT_MISSING_FIELD_INITIALIZERS = YES;
				GCC_WARN_ABOUT_MISSING_NEWLINE = YES;
				GCC_WARN_ABOUT_MISSING_PROTOTYPES = YES;
				GCC_WARN_ABOUT_RETURN_TYPE = YES_ERROR;
				GCC_WARN_INITIALIZER_NOT_FULLY_BRACKETED = YES;
				GCC_WARN_MULTIPLE_DEFINITION_TYPES_FOR_SELECTOR = YES;
				GCC_WARN_SHADOW = YES;
				GCC_WARN_SIGN_COMPARE = YES;
				GCC_WARN_STRICT_SELECTOR_MATCH = YES;
				GCC_WARN_UNDECLARED_SELECTOR = YES;
				GCC_WARN_UNINITIALIZED_AUTOS = YES;
				GCC_WARN_UNKNOWN_PRAGMAS = YES;
				GCC_WARN_UNUSED_FUNCTION = YES;
				GCC_WARN_UNUSED_LABEL = YES;
				GCC_WARN_UNUSED_PARAMETER = YES;
				GCC_WARN_UNUSED_VARIABLE = YES;
				MACOSX_DEPLOYMENT_TARGET = 10.9;
				ONLY_ACTIVE_ARCH = NO;
				RUN_CLANG_STATIC_ANALYZER = YES;
				SDKROOT = macosx;
			};
			name = Debug;
		};
		1E5AE88C18BC9957004FB76C /* Release */ = {
			isa = XCBuildConfiguration;
			buildSettings = {
				ALWAYS_SEARCH_USER_PATHS = NO;
				CLANG_ANALYZER_SECURITY_FLOATLOOPCOUNTER = YES;
				CLANG_ANALYZER_SECURITY_INSECUREAPI_RAND = YES;
				CLANG_ANALYZER_SECURITY_INSECUREAPI_STRCPY = YES;
				CLANG_CXX_LANGUAGE_STANDARD = "gnu++0x";
				CLANG_CXX_LIBRARY = "libc++";
				CLANG_ENABLE_OBJC_ARC = YES;
				CLANG_WARN_ASSIGN_ENUM = YES;
				CLANG_WARN_BOOL_CONVERSION = YES;
				CLANG_WARN_CONSTANT_CONVERSION = YES;
				CLANG_WARN_DEPRECATED_OBJC_IMPLEMENTATIONS = YES;
				CLANG_WARN_DIRECT_OBJC_ISA_USAGE = YES_ERROR;
				CLANG_WARN_EMPTY_BODY = YES;
				CLANG_WARN_ENUM_CONVERSION = YES;
				CLANG_WARN_IMPLICIT_SIGN_CONVERSION = YES;
				CLANG_WARN_INT_CONVERSION = YES;
				CLANG_WARN_OBJC_EXPLICIT_OWNERSHIP_TYPE = YES;
				CLANG_WARN_OBJC_IMPLICIT_ATOMIC_PROPERTIES = YES;
				CLANG_WARN_OBJC_IMPLICIT_RETAIN_SELF = YES;
				CLANG_WARN_OBJC_MISSING_PROPERTY_SYNTHESIS = YES;
				CLANG_WARN_OBJC_RECEIVER_WEAK = YES;
				CLANG_WARN_OBJC_REPEATED_USE_OF_WEAK = YES;
				CLANG_WARN_OBJC_ROOT_CLASS = YES_ERROR;
				CLANG_WARN_SUSPICIOUS_IMPLICIT_CONVERSION = YES;
				CLANG_WARN_UNREACHABLE_CODE = YES;
				CLANG_WARN__DUPLICATE_METHOD_MATCH = YES;
				COPY_PHASE_STRIP = YES;
				DEBUG_INFORMATION_FORMAT = "dwarf-with-dsym";
				ENABLE_NS_ASSERTIONS = NO;
				GCC_C_LANGUAGE_STANDARD = gnu99;
				GCC_ENABLE_OBJC_EXCEPTIONS = YES;
				GCC_TREAT_IMPLICIT_FUNCTION_DECLARATIONS_AS_ERRORS = YES;
				GCC_TREAT_INCOMPATIBLE_POINTER_TYPE_WARNINGS_AS_ERRORS = YES;
				GCC_WARN_64_TO_32_BIT_CONVERSION = YES;
				GCC_WARN_ABOUT_MISSING_FIELD_INITIALIZERS = YES;
				GCC_WARN_ABOUT_MISSING_NEWLINE = YES;
				GCC_WARN_ABOUT_MISSING_PROTOTYPES = YES;
				GCC_WARN_ABOUT_RETURN_TYPE = YES_ERROR;
				GCC_WARN_INITIALIZER_NOT_FULLY_BRACKETED = YES;
				GCC_WARN_MULTIPLE_DEFINITION_TYPES_FOR_SELECTOR = YES;
				GCC_WARN_SHADOW = YES;
				GCC_WARN_SIGN_COMPARE = YES;
				GCC_WARN_STRICT_SELECTOR_MATCH = YES;
				GCC_WARN_UNDECLARED_SELECTOR = YES;
				GCC_WARN_UNINITIALIZED_AUTOS = YES;
				GCC_WARN_UNKNOWN_PRAGMAS = YES;
				GCC_WARN_UNUSED_FUNCTION = YES;
				GCC_WARN_UNUSED_LABEL = YES;
				GCC_WARN_UNUSED_PARAMETER = YES;
				GCC_WARN_UNUSED_VARIABLE = YES;
				MACOSX_DEPLOYMENT_TARGET = 10.9;
				ONLY_ACTIVE_ARCH = NO;
				RUN_CLANG_STATIC_ANALYZER = YES;
				SDKROOT = macosx;
			};
			name = Release;
		};
		1E5AE88E18BC9957004FB76C /* Debug */ = {
			isa = XCBuildConfiguration;
			buildSettings = {
				ALWAYS_SEARCH_USER_PATHS = YES;
				CLANG_ANALYZER_SECURITY_FLOATLOOPCOUNTER = YES;
				CLANG_ANALYZER_SECURITY_INSECUREAPI_RAND = YES;
				CLANG_ANALYZER_SECURITY_INSECUREAPI_STRCPY = YES;
				CLANG_ENABLE_MODULES = YES;
				CLANG_WARN_DEPRECATED_OBJC_IMPLEMENTATIONS = YES;
				CLANG_WARN_IMPLICIT_SIGN_CONVERSION = YES;
				CLANG_WARN_OBJC_EXPLICIT_OWNERSHIP_TYPE = YES;
				CLANG_WARN_OBJC_IMPLICIT_RETAIN_SELF = YES;
				CLANG_WARN_OBJC_RECEIVER_WEAK = YES;
				CLANG_WARN_OBJC_REPEATED_USE_OF_WEAK = YES;
				CLANG_WARN_SUSPICIOUS_IMPLICIT_CONVERSION = YES;
				COMBINE_HIDPI_IMAGES = YES;
				COPY_PHASE_STRIP = YES;
				GCC_PRECOMPILE_PREFIX_HEADER = YES;
				GCC_PREFIX_HEADER = qlgenerator/src/Prefix.pch;
				GCC_TREAT_IMPLICIT_FUNCTION_DECLARATIONS_AS_ERRORS = YES;
				GCC_TREAT_INCOMPATIBLE_POINTER_TYPE_WARNINGS_AS_ERRORS = YES;
				GCC_TREAT_WARNINGS_AS_ERRORS = NO;
				GCC_WARN_ABOUT_MISSING_FIELD_INITIALIZERS = YES;
				GCC_WARN_ABOUT_MISSING_NEWLINE = YES;
				GCC_WARN_ABOUT_MISSING_PROTOTYPES = YES;
				GCC_WARN_FOUR_CHARACTER_CONSTANTS = YES;
				GCC_WARN_INITIALIZER_NOT_FULLY_BRACKETED = YES;
				GCC_WARN_MULTIPLE_DEFINITION_TYPES_FOR_SELECTOR = YES;
				GCC_WARN_SHADOW = YES;
				GCC_WARN_SIGN_COMPARE = YES;
				GCC_WARN_STRICT_SELECTOR_MATCH = YES;
				GCC_WARN_UNKNOWN_PRAGMAS = YES;
				GCC_WARN_UNUSED_LABEL = YES;
				HEADER_SEARCH_PATHS = (
					/Applications/Xcode.app/Contents/Developer/Toolchains/XcodeDefault.xctoolchain/usr/include,
					/usr/local/include,
				);
				INFOPLIST_FILE = qlgenerator/rsrc/Info.plist;
				INSTALL_PATH = /Library/QuickLook;
				LD_RUNPATH_SEARCH_PATHS = "";
				LIBRARY_SEARCH_PATHS = "$(PROJECT_DIR)/deps";
				MACOSX_DEPLOYMENT_TARGET = 10.11;
				OTHER_LDFLAGS = "";
				PRODUCT_NAME = "$(TARGET_NAME)";
				RUN_CLANG_STATIC_ANALYZER = YES;
				SCAN_ALL_SOURCE_FILES_FOR_INCLUDES = YES;
				WRAPPER_EXTENSION = qlgenerator;
			};
			name = Debug;
		};
		1E5AE88F18BC9957004FB76C /* Release */ = {
			isa = XCBuildConfiguration;
			buildSettings = {
				ALWAYS_SEARCH_USER_PATHS = YES;
				CLANG_ANALYZER_SECURITY_FLOATLOOPCOUNTER = YES;
				CLANG_ANALYZER_SECURITY_INSECUREAPI_RAND = YES;
				CLANG_ANALYZER_SECURITY_INSECUREAPI_STRCPY = YES;
				CLANG_ENABLE_MODULES = YES;
				CLANG_WARN_DEPRECATED_OBJC_IMPLEMENTATIONS = YES;
				CLANG_WARN_IMPLICIT_SIGN_CONVERSION = YES;
				CLANG_WARN_OBJC_EXPLICIT_OWNERSHIP_TYPE = YES;
				CLANG_WARN_OBJC_IMPLICIT_RETAIN_SELF = YES;
				CLANG_WARN_OBJC_RECEIVER_WEAK = YES;
				CLANG_WARN_OBJC_REPEATED_USE_OF_WEAK = YES;
				CLANG_WARN_SUSPICIOUS_IMPLICIT_CONVERSION = YES;
				COMBINE_HIDPI_IMAGES = YES;
				COPY_PHASE_STRIP = YES;
				GCC_PRECOMPILE_PREFIX_HEADER = YES;
				GCC_PREFIX_HEADER = qlgenerator/src/Prefix.pch;
				GCC_TREAT_IMPLICIT_FUNCTION_DECLARATIONS_AS_ERRORS = YES;
				GCC_TREAT_INCOMPATIBLE_POINTER_TYPE_WARNINGS_AS_ERRORS = YES;
				GCC_TREAT_WARNINGS_AS_ERRORS = NO;
				GCC_WARN_ABOUT_MISSING_FIELD_INITIALIZERS = YES;
				GCC_WARN_ABOUT_MISSING_NEWLINE = YES;
				GCC_WARN_ABOUT_MISSING_PROTOTYPES = YES;
				GCC_WARN_FOUR_CHARACTER_CONSTANTS = YES;
				GCC_WARN_INITIALIZER_NOT_FULLY_BRACKETED = YES;
				GCC_WARN_MULTIPLE_DEFINITION_TYPES_FOR_SELECTOR = YES;
				GCC_WARN_SHADOW = YES;
				GCC_WARN_SIGN_COMPARE = YES;
				GCC_WARN_STRICT_SELECTOR_MATCH = YES;
				GCC_WARN_UNKNOWN_PRAGMAS = YES;
				GCC_WARN_UNUSED_LABEL = YES;
				HEADER_SEARCH_PATHS = (
					/Applications/Xcode.app/Contents/Developer/Toolchains/XcodeDefault.xctoolchain/usr/include,
					/usr/local/include,
				);
				INFOPLIST_FILE = qlgenerator/rsrc/Info.plist;
				INSTALL_PATH = /Library/QuickLook;
				LD_RUNPATH_SEARCH_PATHS = "";
				LIBRARY_SEARCH_PATHS = "$(PROJECT_DIR)/deps";
				MACOSX_DEPLOYMENT_TARGET = 10.11;
				OTHER_LDFLAGS = "";
				PRODUCT_NAME = "$(TARGET_NAME)";
				RUN_CLANG_STATIC_ANALYZER = YES;
				SCAN_ALL_SOURCE_FILES_FOR_INCLUDES = YES;
				WRAPPER_EXTENSION = qlgenerator;
			};
			name = Release;
		};
		1ECBF5431A4ACEAA00CBEF22 /* Debug */ = {
			isa = XCBuildConfiguration;
			buildSettings = {
				ALWAYS_SEARCH_USER_PATHS = YES;
				CLANG_ENABLE_MODULES = YES;
				CLANG_WARN_UNREACHABLE_CODE = YES;
				COMBINE_HIDPI_IMAGES = YES;
				ENABLE_STRICT_OBJC_MSGSEND = YES;
				GCC_PREPROCESSOR_DEFINITIONS = (
					"DEBUG=1",
					"$(inherited)",
				);
				GCC_WARN_UNINITIALIZED_AUTOS = YES_AGGRESSIVE;
				HEADER_SEARCH_PATHS = (
					/Applications/Xcode.app/Contents/Developer/Toolchains/XcodeDefault.xctoolchain/usr/include,
					/usr/local/include,
				);
				INFOPLIST_FILE = mdimporter/rsrc/Info.plist;
				INSTALL_PATH = "@executable_path/../Contents/Library/Spotlight";
				LIBRARY_SEARCH_PATHS = "$(PROJECT_DIR)/deps";
				LIBRARY_STYLE = BUNDLE;
				MACOSX_DEPLOYMENT_TARGET = 10.11;
				MTL_ENABLE_DEBUG_INFO = YES;
				ONLY_ACTIVE_ARCH = YES;
				PRODUCT_NAME = "$(TARGET_NAME)";
				SCAN_ALL_SOURCE_FILES_FOR_INCLUDES = YES;
				SKIP_INSTALL = YES;
				WRAPPER_EXTENSION = mdimporter;
			};
			name = Debug;
		};
		1ECBF5441A4ACEAA00CBEF22 /* Release */ = {
			isa = XCBuildConfiguration;
			buildSettings = {
				ALWAYS_SEARCH_USER_PATHS = YES;
				CLANG_ENABLE_MODULES = YES;
				CLANG_WARN_UNREACHABLE_CODE = YES;
				COMBINE_HIDPI_IMAGES = YES;
				ENABLE_STRICT_OBJC_MSGSEND = YES;
				GCC_WARN_UNINITIALIZED_AUTOS = YES_AGGRESSIVE;
				HEADER_SEARCH_PATHS = (
					/Applications/Xcode.app/Contents/Developer/Toolchains/XcodeDefault.xctoolchain/usr/include,
					/usr/local/include,
				);
				INFOPLIST_FILE = mdimporter/rsrc/Info.plist;
				INSTALL_PATH = "@executable_path/../Contents/Library/Spotlight";
				LIBRARY_SEARCH_PATHS = "$(PROJECT_DIR)/deps";
				LIBRARY_STYLE = BUNDLE;
				MACOSX_DEPLOYMENT_TARGET = 10.11;
				MTL_ENABLE_DEBUG_INFO = NO;
				PRODUCT_NAME = "$(TARGET_NAME)";
				SCAN_ALL_SOURCE_FILES_FOR_INCLUDES = YES;
				SKIP_INSTALL = YES;
				WRAPPER_EXTENSION = mdimporter;
			};
			name = Release;
		};
/* End XCBuildConfiguration section */

/* Begin XCConfigurationList section */
		1E5AE86C18BC9957004FB76C /* Build configuration list for PBXProject "qlMoviePreview" */ = {
			isa = XCConfigurationList;
			buildConfigurations = (
				1E5AE88B18BC9957004FB76C /* Debug */,
				1E5AE88C18BC9957004FB76C /* Release */,
			);
			defaultConfigurationIsVisible = 0;
			defaultConfigurationName = Release;
		};
		1E5AE88D18BC9957004FB76C /* Build configuration list for PBXNativeTarget "qlMoviePreview" */ = {
			isa = XCConfigurationList;
			buildConfigurations = (
				1E5AE88E18BC9957004FB76C /* Debug */,
				1E5AE88F18BC9957004FB76C /* Release */,
			);
			defaultConfigurationIsVisible = 0;
			defaultConfigurationName = Release;
		};
		1ECBF5451A4ACEAA00CBEF22 /* Build configuration list for PBXNativeTarget "mdMoviePreview" */ = {
			isa = XCConfigurationList;
			buildConfigurations = (
				1ECBF5431A4ACEAA00CBEF22 /* Debug */,
				1ECBF5441A4ACEAA00CBEF22 /* Release */,
			);
			defaultConfigurationIsVisible = 0;
			defaultConfigurationName = Release;
		};
/* End XCConfigurationList section */
	};
	rootObject = 1E5AE86918BC9957004FB76C /* Project object */;
}
